
Microsoft Visual Studio Solution File, Format Version 12.00
# Visual Studio 15
VisualStudioVersion = 15.0.28307.1169
MinimumVisualStudioVersion = 10.0.40219.1
Project("{FAE04EC0-301F-11D3-BF4B-00C04F79EFBC}") = "Label_Textbox", "Label_Textbox\Label_Textbox.csproj", "{E8446E74-FB95-4B5E-9174-8DFF06AF1308}"
EndProject
Global
	GlobalSection(SolutionConfigurationPlatforms) = preSolution
		Debug|Any CPU = Debug|Any CPU
		Release|Any CPU = Release|Any CPU
	EndGlobalSection
	GlobalSection(ProjectConfigurationPlatforms) = postSolution
		{E8446E74-FB95-4B5E-9174-8DFF06AF1308}.Debug|Any CPU.ActiveCfg = Debug|Any CPU
		{E8446E74-FB95-4B5E-9174-8DFF06AF1308}.Debug|Any CPU.Build.0 = Debug|Any CPU
		{E8446E74-FB95-4B5E-9174-8DFF06AF1308}.Release|Any CPU.ActiveCfg = Release|Any CPU
		{E8446E74-FB95-4B5E-9174-8DFF06AF1308}.Release|Any CPU.Build.0 = Release|Any CPU
	EndGlobalSection
	GlobalSection(SolutionProperties) = preSolution
		HideSolutionNode = FALSE
	EndGlobalSection
	GlobalSection(ExtensibilityGlobals) = postSolution
		SolutionGuid = {7934D7FD-2A59-4EB1-B8F8-767D69F97A1B}
	EndGlobalSection
EndGlobal
